
Microsoft Visual Studio Solution File, Format Version 12.00
# Visual Studio Version 16
VisualStudioVersion = 16.0.31205.134
MinimumVisualStudioVersion = 10.0.40219.1
Project("{FAE04EC0-301F-11D3-BF4B-00C04F79EFBC}") = "Tetris", "Tetris\Tetris.csproj", "{73B8D0D4-A72E-4A4B-B35B-D789A4328A75}"
EndProject
Global
	GlobalSection(SolutionConfigurationPlatforms) = preSolution
		Debug|Any CPU = Debug|Any CPU
		Release|Any CPU = Release|Any CPU
	EndGlobalSection
	GlobalSection(ProjectConfigurationPlatforms) = postSolution
		{73B8D0D4-A72E-4A4B-B35B-D789A4328A75}.Debug|Any CPU.ActiveCfg = Debug|Any CPU
		{73B8D0D4-A72E-4A4B-B35B-D789A4328A75}.Debug|Any CPU.Build.0 = Debug|Any CPU
		{73B8D0D4-A72E-4A4B-B35B-D789A4328A75}.Release|Any CPU.ActiveCfg = Release|Any CPU
		{73B8D0D4-A72E-4A4B-B35B-D789A4328A75}.Release|Any CPU.Build.0 = Release|Any CPU
	EndGlobalSection
	GlobalSection(SolutionProperties) = preSolution
		HideSolutionNode = FALSE
	EndGlobalSection
	GlobalSection(ExtensibilityGlobals) = postSolution
		SolutionGuid = {65093D26-F363-4C56-86E2-8FE4F3A60799}
	EndGlobalSection
EndGlobal
